
Microsoft Visual Studio Solution File, Format Version 12.00
# Visual Studio Version 16
VisualStudioVersion = 16.0.30711.63
MinimumVisualStudioVersion = 10.0.40219.1
Project("{9A19103F-16F7-4668-BE54-9A1E7A4F7556}") = "DynamaxAdventureReset", "DynamaxAdventureReset\DynamaxAdventureReset.csproj", "{6A9A2EC3-0884-4EE5-932C-A29E3AB01B69}"
EndProject
Global
	GlobalSection(SolutionConfigurationPlatforms) = preSolution
		Debug|Any CPU = Debug|Any CPU
		Release|Any CPU = Release|Any CPU
	EndGlobalSection
	GlobalSection(ProjectConfigurationPlatforms) = postSolution
		{6A9A2EC3-0884-4EE5-932C-A29E3AB01B69}.Debug|Any CPU.ActiveCfg = Debug|Any CPU
		{6A9A2EC3-0884-4EE5-932C-A29E3AB01B69}.Debug|Any CPU.Build.0 = Debug|Any CPU
		{6A9A2EC3-0884-4EE5-932C-A29E3AB01B69}.Release|Any CPU.ActiveCfg = Release|Any CPU
		{6A9A2EC3-0884-4EE5-932C-A29E3AB01B69}.Release|Any CPU.Build.0 = Release|Any CPU
	EndGlobalSection
	GlobalSection(SolutionProperties) = preSolution
		HideSolutionNode = FALSE
	EndGlobalSection
	GlobalSection(ExtensibilityGlobals) = postSolution
		SolutionGuid = {4AC4AA40-F7D5-422E-83C1-3C17B29D2258}
	EndGlobalSection
EndGlobal
